
Microsoft Visual Studio Solution File, Format Version 10.00
# Visual Studio 2008
Project("{FAE04EC0-301F-11D3-BF4B-00C04F79EFBC}") = "MvcWine", "MvcWine\MvcWine.csproj", "{C57BD5CD-646A-4A44-8968-D04117E683CE}"
EndProject
Project("{FAE04EC0-301F-11D3-BF4B-00C04F79EFBC}") = "MvcWine.Tests", "MvcWine.Tests\MvcWine.Tests.csproj", "{F430AF9C-2001-487F-BADB-5BBD9735F5D7}"
EndProject
Global
	GlobalSection(SolutionConfigurationPlatforms) = preSolution
		Debug|Any CPU = Debug|Any CPU
		Release|Any CPU = Release|Any CPU
	EndGlobalSection
	GlobalSection(ProjectConfigurationPlatforms) = postSolution
		{C57BD5CD-646A-4A44-8968-D04117E683CE}.Debug|Any CPU.ActiveCfg = Debug|Any CPU
		{C57BD5CD-646A-4A44-8968-D04117E683CE}.Debug|Any CPU.Build.0 = Debug|Any CPU
		{C57BD5CD-646A-4A44-8968-D04117E683CE}.Release|Any CPU.ActiveCfg = Release|Any CPU
		{C57BD5CD-646A-4A44-8968-D04117E683CE}.Release|Any CPU.Build.0 = Release|Any CPU
		{F430AF9C-2001-487F-BADB-5BBD9735F5D7}.Debug|Any CPU.ActiveCfg = Debug|Any CPU
		{F430AF9C-2001-487F-BADB-5BBD9735F5D7}.Debug|Any CPU.Build.0 = Debug|Any CPU
		{F430AF9C-2001-487F-BADB-5BBD9735F5D7}.Release|Any CPU.ActiveCfg = Release|Any CPU
		{F430AF9C-2001-487F-BADB-5BBD9735F5D7}.Release|Any CPU.Build.0 = Release|Any CPU
	EndGlobalSection
	GlobalSection(SolutionProperties) = preSolution
		HideSolutionNode = FALSE
	EndGlobalSection
EndGlobal
